
Microsoft Visual Studio Solution File, Format Version 12.00
# Visual Studio Version 17
VisualStudioVersion = 17.4.33122.133
MinimumVisualStudioVersion = 10.0.40219.1
Project("{FAE04EC0-301F-11D3-BF4B-00C04F79EFBC}") = "吐泡泡的小鱼的缺氧模组", "吐泡泡的小鱼的缺氧模组\吐泡泡的小鱼的缺氧模组.csproj", "{930C551D-EB37-4FA6-AA09-FAAEA60F12C2}"
EndProject
Project("{FAE04EC0-301F-11D3-BF4B-00C04F79EFBC}") = "K-2-被诅咒的冰箱门", "K-2-被诅咒的冰箱门\K-2-被诅咒的冰箱门.csproj", "{6306C590-D26D-4500-B47D-3D086FF8A96C}"
EndProject
Project("{FAE04EC0-301F-11D3-BF4B-00C04F79EFBC}") = "K-3-石油井", "K-3-石油井\K-3-石油井.csproj", "{D4DB9E98-311A-450B-9CDA-E79FA360238C}"
EndProject
Project("{FAE04EC0-301F-11D3-BF4B-00C04F79EFBC}") = "K-4-墨家的门", "K-4-墨家的门\K-4-墨家的门.csproj", "{B4E8D7E0-6AAB-4160-BA31-AD4AEF711B03}"
EndProject
Project("{FAE04EC0-301F-11D3-BF4B-00C04F79EFBC}") = "K-1-液体燃料舱输入位置更改", "K-1-液体燃料舱输入位置更改\K-1-液体燃料舱输入位置更改.csproj", "{74A0E3E9-ED17-4646-9887-C25CFC327F9E}"
EndProject
Project("{FAE04EC0-301F-11D3-BF4B-00C04F79EFBC}") = "K-5-超级电池", "K-5-超级电池\K-5-超级电池.csproj", "{5D2D4E05-3662-4F78-8042-4A5663860E36}"
EndProject
Project("{FAE04EC0-301F-11D3-BF4B-00C04F79EFBC}") = "K-6-精致梯子", "K-6-精致梯子\K-6-精致梯子.csproj", "{3BD3EBA7-10F8-4FAD-BDC0-0BF263038519}"
EndProject
Project("{FAE04EC0-301F-11D3-BF4B-00C04F79EFBC}") = "K-7-永不淹没", "K-7-永不淹没\K-7-永不淹没.csproj", "{21D1B785-E23E-44C9-B1B6-B913EC0091A4}"
EndProject
Project("{FAE04EC0-301F-11D3-BF4B-00C04F79EFBC}") = "K-8-永不过热", "K-8-永不过热\K-8-永不过热.csproj", "{CF450A86-3068-446C-9D6A-8AC387A504E5}"
EndProject
Project("{FAE04EC0-301F-11D3-BF4B-00C04F79EFBC}") = "K-9-疾病杀手", "K-9-疾病杀手\K-9-疾病杀手.csproj", "{B9A19A02-207D-4B17-A48D-FC028E4FAE58}"
EndProject
Project("{FAE04EC0-301F-11D3-BF4B-00C04F79EFBC}") = "K-10-超级捕兽夹", "K-10-超级捕兽夹\K-10-超级捕兽夹.csproj", "{B4213860-A2E6-4178-BEC5-97B8DE868F7B}"
EndProject
Project("{FAE04EC0-301F-11D3-BF4B-00C04F79EFBC}") = "K-11-活得久的海牛", "K-11-活得久的海牛\K-11-活得久的海牛.csproj", "{F4AD8C41-0C59-4D03-8416-0274F341F9A2}"
EndProject
Project("{FAE04EC0-301F-11D3-BF4B-00C04F79EFBC}") = "K-12-侦察者电量修改", "K-12-侦察者电量修改\K-12-侦察者电量修改.csproj", "{765344D3-1023-49AD-986C-07B9D2D5C094}"
EndProject
Project("{FAE04EC0-301F-11D3-BF4B-00C04F79EFBC}") = "K-13-冰淇淋", "K-13-冰淇淋\K-13-冰淇淋.csproj", "{6CA4540F-9C41-4C5E-88FC-8ADF5B4A56FF}"
EndProject
Project("{FAE04EC0-301F-11D3-BF4B-00C04F79EFBC}") = "K-14-川菜", "K-14-川菜\K-14-川菜.csproj", "{5B1F69F9-0801-4FF5-B67B-FA46D0FBD2B6}"
EndProject
Project("{FAE04EC0-301F-11D3-BF4B-00C04F79EFBC}") = "K-16-饺子", "K-16-饺子\K-16-饺子.csproj", "{749B42B9-517A-47EF-B117-24FED2CC1BCC}"
EndProject
Project("{FAE04EC0-301F-11D3-BF4B-00C04F79EFBC}") = "K-15-铅完全隔绝辐射", "K-15-铅完全隔绝辐射\K-15-铅完全隔绝辐射.csproj", "{8B21177A-C8ED-4E2F-9831-096E36006710}"
EndProject
Project("{FAE04EC0-301F-11D3-BF4B-00C04F79EFBC}") = "K-17-月光草", "K-17-月光草\K-17-月光草.csproj", "{117A9545-3825-4ACB-A50A-D749966F8AB4}"
EndProject
Project("{FAE04EC0-301F-11D3-BF4B-00C04F79EFBC}") = "K-18-优化氧气面罩", "K-18-优化氧气面罩\K-18-优化氧气面罩.csproj", "{92A7AD76-A2DC-4152-B37F-098CC8560363}"
EndProject
Project("{FAE04EC0-301F-11D3-BF4B-00C04F79EFBC}") = "K-19-简单天气系统", "K-19-简单天气系统\K-19-简单天气系统.csproj", "{BFFCC587-C28F-4C88-B93D-A6AFF4270748}"
EndProject
Project("{FAE04EC0-301F-11D3-BF4B-00C04F79EFBC}") = "K-20-BUG测试工具", "K-20-BUG测试工具\K-20-BUG测试工具.csproj", "{BE0BB7B9-1A1A-479B-9C65-478328C58CAF}"
EndProject
Project("{FAE04EC0-301F-11D3-BF4B-00C04F79EFBC}") = "K-146-温度场", "K-146-温度场\K-146-温度场.csproj", "{5218BA9E-3479-4A86-9D9D-64364AD866A8}"
EndProject
Project("{FAE04EC0-301F-11D3-BF4B-00C04F79EFBC}") = "K-21-斯巴达300螃蟹", "K-21-斯巴达300螃蟹\K-21-斯巴达300螃蟹.csproj", "{F2EBB34D-005A-410B-8825-A9AB9A8C0178}"
EndProject
Project("{FAE04EC0-301F-11D3-BF4B-00C04F79EFBC}") = "K-22-超级生物机器人", "K-22-超级生物机器人\K-22-超级生物机器人.csproj", "{A3D7FEF3-FB66-4D8E-98D4-1F8048B0C43A}"
EndProject
Project("{FAE04EC0-301F-11D3-BF4B-00C04F79EFBC}") = "K-23-恭喜faker拿下LOL全球总决赛S13冠军", "K-23-恭喜faker拿下LOL全球总决赛S13冠军\K-23-恭喜faker拿下LOL全球总决赛S13冠军.csproj", "{E84EFB8F-9CC4-42E9-A40D-C904CCB8C7DA}"
EndProject
Project("{FAE04EC0-301F-11D3-BF4B-00C04F79EFBC}") = "K-24-太空服氧气容量可调", "K-24-太空服氧气容量可调\K-24-太空服氧气容量可调.csproj", "{07E3213D-F2BB-41EE-AFE1-66468CA470A0}"
EndProject
Global
	GlobalSection(SolutionConfigurationPlatforms) = preSolution
		Debug|Any CPU = Debug|Any CPU
		Release|Any CPU = Release|Any CPU
	EndGlobalSection
	GlobalSection(ProjectConfigurationPlatforms) = postSolution
		{930C551D-EB37-4FA6-AA09-FAAEA60F12C2}.Debug|Any CPU.ActiveCfg = Debug|Any CPU
		{930C551D-EB37-4FA6-AA09-FAAEA60F12C2}.Debug|Any CPU.Build.0 = Debug|Any CPU
		{930C551D-EB37-4FA6-AA09-FAAEA60F12C2}.Release|Any CPU.ActiveCfg = Release|Any CPU
		{930C551D-EB37-4FA6-AA09-FAAEA60F12C2}.Release|Any CPU.Build.0 = Release|Any CPU
		{6306C590-D26D-4500-B47D-3D086FF8A96C}.Debug|Any CPU.ActiveCfg = Debug|Any CPU
		{6306C590-D26D-4500-B47D-3D086FF8A96C}.Debug|Any CPU.Build.0 = Debug|Any CPU
		{6306C590-D26D-4500-B47D-3D086FF8A96C}.Release|Any CPU.ActiveCfg = Release|Any CPU
		{6306C590-D26D-4500-B47D-3D086FF8A96C}.Release|Any CPU.Build.0 = Release|Any CPU
		{D4DB9E98-311A-450B-9CDA-E79FA360238C}.Debug|Any CPU.ActiveCfg = Debug|Any CPU
		{D4DB9E98-311A-450B-9CDA-E79FA360238C}.Debug|Any CPU.Build.0 = Debug|Any CPU
		{D4DB9E98-311A-450B-9CDA-E79FA360238C}.Release|Any CPU.ActiveCfg = Release|Any CPU
		{D4DB9E98-311A-450B-9CDA-E79FA360238C}.Release|Any CPU.Build.0 = Release|Any CPU
		{B4E8D7E0-6AAB-4160-BA31-AD4AEF711B03}.Debug|Any CPU.ActiveCfg = Debug|Any CPU
		{B4E8D7E0-6AAB-4160-BA31-AD4AEF711B03}.Debug|Any CPU.Build.0 = Debug|Any CPU
		{B4E8D7E0-6AAB-4160-BA31-AD4AEF711B03}.Release|Any CPU.ActiveCfg = Release|Any CPU
		{B4E8D7E0-6AAB-4160-BA31-AD4AEF711B03}.Release|Any CPU.Build.0 = Release|Any CPU
		{74A0E3E9-ED17-4646-9887-C25CFC327F9E}.Debug|Any CPU.ActiveCfg = Debug|Any CPU
		{74A0E3E9-ED17-4646-9887-C25CFC327F9E}.Debug|Any CPU.Build.0 = Debug|Any CPU
		{74A0E3E9-ED17-4646-9887-C25CFC327F9E}.Release|Any CPU.ActiveCfg = Release|Any CPU
		{74A0E3E9-ED17-4646-9887-C25CFC327F9E}.Release|Any CPU.Build.0 = Release|Any CPU
		{5D2D4E05-3662-4F78-8042-4A5663860E36}.Debug|Any CPU.ActiveCfg = Debug|Any CPU
		{5D2D4E05-3662-4F78-8042-4A5663860E36}.Debug|Any CPU.Build.0 = Debug|Any CPU
		{5D2D4E05-3662-4F78-8042-4A5663860E36}.Release|Any CPU.ActiveCfg = Release|Any CPU
		{5D2D4E05-3662-4F78-8042-4A5663860E36}.Release|Any CPU.Build.0 = Release|Any CPU
		{3BD3EBA7-10F8-4FAD-BDC0-0BF263038519}.Debug|Any CPU.ActiveCfg = Debug|Any CPU
		{3BD3EBA7-10F8-4FAD-BDC0-0BF263038519}.Debug|Any CPU.Build.0 = Debug|Any CPU
		{3BD3EBA7-10F8-4FAD-BDC0-0BF263038519}.Release|Any CPU.ActiveCfg = Release|Any CPU
		{3BD3EBA7-10F8-4FAD-BDC0-0BF263038519}.Release|Any CPU.Build.0 = Release|Any CPU
		{21D1B785-E23E-44C9-B1B6-B913EC0091A4}.Debug|Any CPU.ActiveCfg = Debug|Any CPU
		{21D1B785-E23E-44C9-B1B6-B913EC0091A4}.Debug|Any CPU.Build.0 = Debug|Any CPU
		{21D1B785-E23E-44C9-B1B6-B913EC0091A4}.Release|Any CPU.ActiveCfg = Release|Any CPU
		{21D1B785-E23E-44C9-B1B6-B913EC0091A4}.Release|Any CPU.Build.0 = Release|Any CPU
		{CF450A86-3068-446C-9D6A-8AC387A504E5}.Debug|Any CPU.ActiveCfg = Debug|Any CPU
		{CF450A86-3068-446C-9D6A-8AC387A504E5}.Debug|Any CPU.Build.0 = Debug|Any CPU
		{CF450A86-3068-446C-9D6A-8AC387A504E5}.Release|Any CPU.ActiveCfg = Release|Any CPU
		{CF450A86-3068-446C-9D6A-8AC387A504E5}.Release|Any CPU.Build.0 = Release|Any CPU
		{B9A19A02-207D-4B17-A48D-FC028E4FAE58}.Debug|Any CPU.ActiveCfg = Debug|Any CPU
		{B9A19A02-207D-4B17-A48D-FC028E4FAE58}.Debug|Any CPU.Build.0 = Debug|Any CPU
		{B9A19A02-207D-4B17-A48D-FC028E4FAE58}.Release|Any CPU.ActiveCfg = Release|Any CPU
		{B9A19A02-207D-4B17-A48D-FC028E4FAE58}.Release|Any CPU.Build.0 = Release|Any CPU
		{B4213860-A2E6-4178-BEC5-97B8DE868F7B}.Debug|Any CPU.ActiveCfg = Debug|Any CPU
		{B4213860-A2E6-4178-BEC5-97B8DE868F7B}.Debug|Any CPU.Build.0 = Debug|Any CPU
		{B4213860-A2E6-4178-BEC5-97B8DE868F7B}.Release|Any CPU.ActiveCfg = Release|Any CPU
		{B4213860-A2E6-4178-BEC5-97B8DE868F7B}.Release|Any CPU.Build.0 = Release|Any CPU
		{F4AD8C41-0C59-4D03-8416-0274F341F9A2}.Debug|Any CPU.ActiveCfg = Debug|Any CPU
		{F4AD8C41-0C59-4D03-8416-0274F341F9A2}.Debug|Any CPU.Build.0 = Debug|Any CPU
		{F4AD8C41-0C59-4D03-8416-0274F341F9A2}.Release|Any CPU.ActiveCfg = Release|Any CPU
		{F4AD8C41-0C59-4D03-8416-0274F341F9A2}.Release|Any CPU.Build.0 = Release|Any CPU
		{765344D3-1023-49AD-986C-07B9D2D5C094}.Debug|Any CPU.ActiveCfg = Debug|Any CPU
		{765344D3-1023-49AD-986C-07B9D2D5C094}.Debug|Any CPU.Build.0 = Debug|Any CPU
		{765344D3-1023-49AD-986C-07B9D2D5C094}.Release|Any CPU.ActiveCfg = Release|Any CPU
		{765344D3-1023-49AD-986C-07B9D2D5C094}.Release|Any CPU.Build.0 = Release|Any CPU
		{6CA4540F-9C41-4C5E-88FC-8ADF5B4A56FF}.Debug|Any CPU.ActiveCfg = Debug|Any CPU
		{6CA4540F-9C41-4C5E-88FC-8ADF5B4A56FF}.Debug|Any CPU.Build.0 = Debug|Any CPU
		{6CA4540F-9C41-4C5E-88FC-8ADF5B4A56FF}.Release|Any CPU.ActiveCfg = Release|Any CPU
		{6CA4540F-9C41-4C5E-88FC-8ADF5B4A56FF}.Release|Any CPU.Build.0 = Release|Any CPU
		{5B1F69F9-0801-4FF5-B67B-FA46D0FBD2B6}.Debug|Any CPU.ActiveCfg = Debug|Any CPU
		{5B1F69F9-0801-4FF5-B67B-FA46D0FBD2B6}.Debug|Any CPU.Build.0 = Debug|Any CPU
		{5B1F69F9-0801-4FF5-B67B-FA46D0FBD2B6}.Release|Any CPU.ActiveCfg = Release|Any CPU
		{5B1F69F9-0801-4FF5-B67B-FA46D0FBD2B6}.Release|Any CPU.Build.0 = Release|Any CPU
		{749B42B9-517A-47EF-B117-24FED2CC1BCC}.Debug|Any CPU.ActiveCfg = Debug|Any CPU
		{749B42B9-517A-47EF-B117-24FED2CC1BCC}.Debug|Any CPU.Build.0 = Debug|Any CPU
		{749B42B9-517A-47EF-B117-24FED2CC1BCC}.Release|Any CPU.ActiveCfg = Release|Any CPU
		{749B42B9-517A-47EF-B117-24FED2CC1BCC}.Release|Any CPU.Build.0 = Release|Any CPU
		{8B21177A-C8ED-4E2F-9831-096E36006710}.Debug|Any CPU.ActiveCfg = Debug|Any CPU
		{8B21177A-C8ED-4E2F-9831-096E36006710}.Debug|Any CPU.Build.0 = Debug|Any CPU
		{8B21177A-C8ED-4E2F-9831-096E36006710}.Release|Any CPU.ActiveCfg = Release|Any CPU
		{8B21177A-C8ED-4E2F-9831-096E36006710}.Release|Any CPU.Build.0 = Release|Any CPU
		{117A9545-3825-4ACB-A50A-D749966F8AB4}.Debug|Any CPU.ActiveCfg = Debug|Any CPU
		{117A9545-3825-4ACB-A50A-D749966F8AB4}.Debug|Any CPU.Build.0 = Debug|Any CPU
		{117A9545-3825-4ACB-A50A-D749966F8AB4}.Release|Any CPU.ActiveCfg = Release|Any CPU
		{117A9545-3825-4ACB-A50A-D749966F8AB4}.Release|Any CPU.Build.0 = Release|Any CPU
		{92A7AD76-A2DC-4152-B37F-098CC8560363}.Debug|Any CPU.ActiveCfg = Debug|Any CPU
		{92A7AD76-A2DC-4152-B37F-098CC8560363}.Debug|Any CPU.Build.0 = Debug|Any CPU
		{92A7AD76-A2DC-4152-B37F-098CC8560363}.Release|Any CPU.ActiveCfg = Release|Any CPU
		{92A7AD76-A2DC-4152-B37F-098CC8560363}.Release|Any CPU.Build.0 = Release|Any CPU
		{BFFCC587-C28F-4C88-B93D-A6AFF4270748}.Debug|Any CPU.ActiveCfg = Debug|Any CPU
		{BFFCC587-C28F-4C88-B93D-A6AFF4270748}.Debug|Any CPU.Build.0 = Debug|Any CPU
		{BFFCC587-C28F-4C88-B93D-A6AFF4270748}.Release|Any CPU.ActiveCfg = Release|Any CPU
		{BFFCC587-C28F-4C88-B93D-A6AFF4270748}.Release|Any CPU.Build.0 = Release|Any CPU
		{BE0BB7B9-1A1A-479B-9C65-478328C58CAF}.Debug|Any CPU.ActiveCfg = Debug|Any CPU
		{BE0BB7B9-1A1A-479B-9C65-478328C58CAF}.Debug|Any CPU.Build.0 = Debug|Any CPU
		{BE0BB7B9-1A1A-479B-9C65-478328C58CAF}.Release|Any CPU.ActiveCfg = Release|Any CPU
		{BE0BB7B9-1A1A-479B-9C65-478328C58CAF}.Release|Any CPU.Build.0 = Release|Any CPU
		{5218BA9E-3479-4A86-9D9D-64364AD866A8}.Debug|Any CPU.ActiveCfg = Debug|Any CPU
		{5218BA9E-3479-4A86-9D9D-64364AD866A8}.Debug|Any CPU.Build.0 = Debug|Any CPU
		{5218BA9E-3479-4A86-9D9D-64364AD866A8}.Release|Any CPU.ActiveCfg = Release|Any CPU
		{5218BA9E-3479-4A86-9D9D-64364AD866A8}.Release|Any CPU.Build.0 = Release|Any CPU
		{F2EBB34D-005A-410B-8825-A9AB9A8C0178}.Debug|Any CPU.ActiveCfg = Debug|Any CPU
		{F2EBB34D-005A-410B-8825-A9AB9A8C0178}.Debug|Any CPU.Build.0 = Debug|Any CPU
		{F2EBB34D-005A-410B-8825-A9AB9A8C0178}.Release|Any CPU.ActiveCfg = Release|Any CPU
		{F2EBB34D-005A-410B-8825-A9AB9A8C0178}.Release|Any CPU.Build.0 = Release|Any CPU
		{A3D7FEF3-FB66-4D8E-98D4-1F8048B0C43A}.Debug|Any CPU.ActiveCfg = Debug|Any CPU
		{A3D7FEF3-FB66-4D8E-98D4-1F8048B0C43A}.Debug|Any CPU.Build.0 = Debug|Any CPU
		{A3D7FEF3-FB66-4D8E-98D4-1F8048B0C43A}.Release|Any CPU.ActiveCfg = Release|Any CPU
		{A3D7FEF3-FB66-4D8E-98D4-1F8048B0C43A}.Release|Any CPU.Build.0 = Release|Any CPU
		{E84EFB8F-9CC4-42E9-A40D-C904CCB8C7DA}.Debug|Any CPU.ActiveCfg = Debug|Any CPU
		{E84EFB8F-9CC4-42E9-A40D-C904CCB8C7DA}.Debug|Any CPU.Build.0 = Debug|Any CPU
		{E84EFB8F-9CC4-42E9-A40D-C904CCB8C7DA}.Release|Any CPU.ActiveCfg = Release|Any CPU
		{E84EFB8F-9CC4-42E9-A40D-C904CCB8C7DA}.Release|Any CPU.Build.0 = Release|Any CPU
		{07E3213D-F2BB-41EE-AFE1-66468CA470A0}.Debug|Any CPU.ActiveCfg = Debug|Any CPU
		{07E3213D-F2BB-41EE-AFE1-66468CA470A0}.Debug|Any CPU.Build.0 = Debug|Any CPU
		{07E3213D-F2BB-41EE-AFE1-66468CA470A0}.Release|Any CPU.ActiveCfg = Release|Any CPU
		{07E3213D-F2BB-41EE-AFE1-66468CA470A0}.Release|Any CPU.Build.0 = Release|Any CPU
	EndGlobalSection
	GlobalSection(SolutionProperties) = preSolution
		HideSolutionNode = FALSE
	EndGlobalSection
	GlobalSection(ExtensibilityGlobals) = postSolution
		SolutionGuid = {FBBF705F-53BA-4ED0-ACE1-CD711CEBD74E}
	EndGlobalSection
EndGlobal
